{
  "name": "xjicloud",
  "version": "1.0.0",
  "lockfileVersion": 3,
  "requires": true,
  "packages": {
    "": {
      "name": "xjicloud",
      "version": "1.0.0",
      "dependencies": {
        "pnpm": "^11.18.0"
      }
    },
    "node_modules/.pnpm/@babel+helper-string-parser@7.29.7/node_modules/@babel/helper-string-parser": {
      "version": "7.29.7",
      "extraneous": true,
      "license": "MIT",
      "devDependencies": {
        "charcodes": "^0.2.0"
      },
      "engines": {
        "node": ">=6.9.0"
      }
    },
    "node_modules/.pnpm/@babel+helper-validator-identifier@7.29.7/node_modules/@babel/helper-validator-identifier": {
      "version": "7.29.7",
      "extraneous": true,
      "license": "MIT",
      "devDependencies": {
        "@unicode/unicode-17.0.0": "^1.6.10",
        "charcodes": "^0.2.0"
      },
      "engines": {
        "node": ">=6.9.0"
      }
    },
    "node_modules/.pnpm/@babel+parser@7.29.7": {
      "extraneous": true
    },
    "node_modules/.pnpm/@babel+types@7.29.7": {
      "extraneous": true
    },
    "node_modules/.pnpm/@dimforge+rapier3d-compat@0.12.0/node_modules/@dimforge/rapier3d-compat": {
      "version": "0.12.0",
      "extraneous": true,
      "license": "Apache-2.0"
    },
    "node_modules/.pnpm/@intlify+core-base@9.14.5": {
      "extraneous": true
    },
    "node_modules/.pnpm/@intlify+message-compiler@9.14.5": {
      "extraneous": true
    },
    "node_modules/.pnpm/@intlify+shared@9.14.5/node_modules/@intlify/shared": {
      "version": "9.14.5",
      "extraneous": true,
      "license": "MIT",
      "engines": {
        "node": ">= 16"
      },
      "funding": {
        "url": "https://github.com/sponsors/kazupon"
      }
    },
    "node_modules/.pnpm/@jridgewell+sourcemap-codec@1.5.5/node_modules/@jridgewell/sourcemap-codec": {
      "version": "1.5.5",
      "extraneous": true,
      "license": "MIT"
    },
    "node_modules/.pnpm/@oxc-project+types@0.139.0/node_modules/@oxc-project/types": {
      "version": "0.139.0",
      "extraneous": true,
      "license": "MIT",
      "funding": {
        "url": "https://github.com/sponsors/Boshen"
      }
    },
    "node_modules/.pnpm/@rolldown+binding-win32-x64-msvc@1.1.5/node_modules/@rolldown/binding-win32-x64-msvc": {
      "version": "1.1.5",
      "cpu": [
        "x64"
      ],
      "extraneous": true,
      "license": "MIT",
      "os": [
        "win32"
      ],
      "engines": {
        "node": "^20.19.0 || >=22.12.0"
      }
    },
    "node_modules/.pnpm/@rolldown+pluginutils@1.0.1/node_modules/@rolldown/pluginutils": {
      "version": "1.0.1",
      "extraneous": true,
      "license": "MIT",
      "devDependencies": {
        "@types/picomatch": "^4.0.3",
        "picomatch": "^4.0.4",
        "typescript": "^5.9.3"
      }
    },
    "node_modules/.pnpm/@tweenjs+tween.js@23.1.3/node_modules/@tweenjs/tween.js": {
      "version": "23.1.3",
      "extraneous": true,
      "license": "MIT",
      "devDependencies": {
        "nodeunit": "^0.11.3",
        "prettier": "^3.0.0",
        "rimraf": "^3.0.0",
        "rollup": "3.20.7",
        "rollup-plugin-dts": "5.3.0",
        "tslib": "^1.10.0",
        "typescript": "5.0.4"
      }
    },
    "node_modules/.pnpm/@types+node@24.13.3": {
      "extraneous": true
    },
    "node_modules/.pnpm/@types+stats.js@0.17.4/node_modules/@types/stats.js": {
      "version": "0.17.4",
      "extraneous": true,
      "license": "MIT"
    },
    "node_modules/.pnpm/@types+three@0.180.0": {
      "extraneous": true
    },
    "node_modules/.pnpm/@types+webxr@0.5.24/node_modules/@types/webxr": {
      "version": "0.5.24",
      "extraneous": true,
      "license": "MIT"
    },
    "node_modules/.pnpm/@vitejs+plugin-vue@6.0.8_vite@8.1.5_@types+node@24.13.3__vue@3.5.40_typescript@6.0.3_": {
      "extraneous": true
    },
    "node_modules/.pnpm/@volar+language-core@2.4.28": {
      "extraneous": true
    },
    "node_modules/.pnpm/@volar+source-map@2.4.28/node_modules/@volar/source-map": {
      "version": "2.4.28",
      "extraneous": true,
      "license": "MIT"
    },
    "node_modules/.pnpm/@volar+typescript@2.4.28": {
      "extraneous": true
    },
    "node_modules/.pnpm/@vue+compiler-core@3.5.40": {
      "extraneous": true
    },
    "node_modules/.pnpm/@vue+compiler-dom@3.5.40": {
      "extraneous": true
    },
    "node_modules/.pnpm/@vue+compiler-sfc@3.5.40": {
      "extraneous": true
    },
    "node_modules/.pnpm/@vue+compiler-ssr@3.5.40": {
      "extraneous": true
    },
    "node_modules/.pnpm/@vue+devtools-api@6.6.4/node_modules/@vue/devtools-api": {
      "version": "6.6.4",
      "extraneous": true,
      "license": "MIT",
      "devDependencies": {
        "@types/node": "^20.11.16",
        "@types/webpack-env": "^1.15.1",
        "typescript": "^5.3.3"
      }
    },
    "node_modules/.pnpm/@vue+language-core@3.3.8": {
      "extraneous": true
    },
    "node_modules/.pnpm/@vue+reactivity@3.5.40": {
      "extraneous": true
    },
    "node_modules/.pnpm/@vue+runtime-core@3.5.40": {
      "extraneous": true
    },
    "node_modules/.pnpm/@vue+runtime-dom@3.5.40": {
      "extraneous": true
    },
    "node_modules/.pnpm/@vue+server-renderer@3.5.40": {
      "extraneous": true
    },
    "node_modules/.pnpm/@vue+shared@3.5.40/node_modules/@vue/shared": {
      "version": "3.5.40",
      "extraneous": true,
      "license": "MIT"
    },
    "node_modules/.pnpm/@vue+tsconfig@0.9.1_typescript@6.0.3_vue@3.5.40_typescript@6.0.3_": {
      "extraneous": true
    },
    "node_modules/.pnpm/@webgpu+types@0.1.71/node_modules/@webgpu/types": {
      "version": "0.1.71",
      "extraneous": true,
      "license": "BSD-3-Clause",
      "devDependencies": {
        "bikeshed-to-ts": "file:third_party/bikeshed-to-ts",
        "prettier": "^2.2.1"
      }
    },
    "node_modules/.pnpm/alien-signals@3.2.1/node_modules/alien-signals": {
      "version": "3.2.1",
      "extraneous": true,
      "license": "MIT",
      "devDependencies": {
        "@tsslint/cli": "latest",
        "@tsslint/config": "latest",
        "mitata": "latest",
        "reactive-framework-test-suite": "0.0.2",
        "rolldown": "latest",
        "typescript": "latest",
        "vitest": "latest"
      }
    },
    "node_modules/.pnpm/csstype@3.2.3/node_modules/csstype": {
      "version": "3.2.3",
      "extraneous": true,
      "license": "MIT",
      "devDependencies": {
        "@babel/core": "^7.28.5",
        "@babel/preset-env": "^7.28.5",
        "@babel/preset-typescript": "^7.28.5",
        "@eslint/js": "^9.39.1",
        "@mdn/browser-compat-data": "7.1.21",
        "@tsconfig/node24": "^24.0.2",
        "@types/chokidar": "^2.1.7",
        "@types/css-tree": "^2.3.11",
        "@types/jest": "^30.0.0",
        "@types/jsdom": "^27.0.0",
        "@types/node": "^24.10.1",
        "@types/prettier": "^3.0.0",
        "@types/turndown": "^5.0.6",
        "babel-jest": "^30.2.0",
        "chalk": "^5.6.2",
        "chokidar": "^4.0.3",
        "css-tree": "^3.1.0",
        "eslint-config-prettier": "^10.1.8",
        "eslint-plugin-prettier": "^5.5.4",
        "flow-bin": "^0.291.0",
        "jest": "^30.2.0",
        "jsdom": "^27.2.0",
        "mdn-data": "2.25.0",
        "prettier": "^3.6.2",
        "release-it": "^19.0.6",
        "tsx": "^4.20.6",
        "turndown": "^7.2.2",
        "typescript": "~5.9.3",
        "typescript-eslint": "^8.46.4"
      }
    },
    "node_modules/.pnpm/detect-libc@2.1.2/node_modules/detect-libc": {
      "version": "2.1.2",
      "extraneous": true,
      "license": "Apache-2.0",
      "devDependencies": {
        "ava": "^2.4.0",
        "benchmark": "^2.1.4",
        "conventional-changelog-cli": "^5.0.0",
        "eslint-config-standard": "^13.0.1",
        "nyc": "^15.1.0",
        "proxyquire": "^2.1.3",
        "semistandard": "^14.2.3"
      },
      "engines": {
        "node": ">=8"
      }
    },
    "node_modules/.pnpm/entities@7.0.1/node_modules/entities": {
      "version": "7.0.1",
      "extraneous": true,
      "license": "BSD-2-Clause",
      "devDependencies": {
        "@biomejs/biome": "^2.3.11",
        "@types/he": "^1.2.3",
        "@types/node": "^25.0.9",
        "@typescript-eslint/eslint-plugin": "^8.53.1",
        "@typescript-eslint/parser": "^8.53.1",
        "@vitest/coverage-v8": "^3.2.4",
        "eslint": "^8.57.1",
        "eslint-config-biome": "^2.1.3",
        "eslint-plugin-n": "^17.23.2",
        "eslint-plugin-unicorn": "^56.0.1",
        "he": "^1.2.0",
        "html-entities": "^2.6.0",
        "parse-entities": "^4.0.2",
        "tinybench": "^5.1.0",
        "tshy": "^3.1.0",
        "tsx": "^4.21.0",
        "typedoc": "^0.28.16",
        "typescript": "^5.9.3",
        "vitest": "^3.2.4"
      },
      "engines": {
        "node": ">=0.12"
      },
      "funding": {
        "url": "https://github.com/fb55/entities?sponsor=1"
      }
    },
    "node_modules/.pnpm/estree-walker@2.0.2/node_modules/estree-walker": {
      "version": "2.0.2",
      "extraneous": true,
      "license": "MIT",
      "devDependencies": {
        "@types/estree": "0.0.42",
        "rollup": "^2.10.9",
        "typescript": "^3.7.5",
        "uvu": "^0.5.1"
      }
    },
    "node_modules/.pnpm/fdir@6.5.0_picomatch@4.0.5": {
      "extraneous": true
    },
    "node_modules/.pnpm/fflate@0.8.3/node_modules/fflate": {
      "version": "0.8.3",
      "extraneous": true,
      "license": "MIT",
      "devDependencies": {
        "@parcel/service-worker": "^2.9.3",
        "@types/node": "^25.8.0",
        "@types/pako": "*",
        "@types/react": "^18.2.21",
        "@types/react-dom": "^18.2.7",
        "jszip": "^3.10.1",
        "pako": "*",
        "parcel": "^2.9.3",
        "preact": "^10.17.1",
        "react": "^18.2.0",
        "react-dom": "^18.2.0",
        "simple-git": "^3.19.1",
        "terser": "^5.47.1",
        "tiny-inflate": "*",
        "ts-node": "^10.9.2",
        "typedoc": "^0.28.19",
        "typedoc-plugin-markdown": "^4.11.0",
        "typescript": "^6.0.3",
        "uvu": "^0.5.6",
        "uzip": "*"
      }
    },
    "node_modules/.pnpm/lightningcss-win32-x64-msvc@1.33.0/node_modules/lightningcss-win32-x64-msvc": {
      "version": "1.33.0",
      "cpu": [
        "x64"
      ],
      "extraneous": true,
      "license": "MPL-2.0",
      "os": [
        "win32"
      ],
      "engines": {
        "node": ">= 12.0.0"
      },
      "funding": {
        "type": "opencollective",
        "url": "https://opencollective.com/parcel"
      }
    },
    "node_modules/.pnpm/lightningcss@1.33.0": {
      "extraneous": true
    },
    "node_modules/.pnpm/magic-string@0.30.21": {
      "extraneous": true
    },
    "node_modules/.pnpm/meshoptimizer@0.22.0/node_modules/meshoptimizer": {
      "version": "0.22.0",
      "extraneous": true,
      "license": "MIT"
    },
    "node_modules/.pnpm/muggle-string@0.4.1/node_modules/muggle-string": {
      "version": "0.4.1",
      "extraneous": true,
      "license": "MIT",
      "devDependencies": {
        "typescript": "latest",
        "vite": "latest",
        "vitest": "latest"
      }
    },
    "node_modules/.pnpm/nanoid@3.3.16/node_modules/nanoid": {
      "version": "3.3.16",
      "extraneous": true,
      "funding": [
        {
          "type": "github",
          "url": "https://github.com/sponsors/ai"
        }
      ],
      "license": "MIT",
      "bin": {
        "nanoid": "bin/nanoid.cjs"
      },
      "engines": {
        "node": "^10 || ^12 || ^13.7 || ^14 || >=15.0.1"
      }
    },
    "node_modules/.pnpm/path-browserify@1.0.1/node_modules/path-browserify": {
      "version": "1.0.1",
      "extraneous": true,
      "license": "MIT",
      "devDependencies": {
        "tape": "^4.9.0"
      }
    },
    "node_modules/.pnpm/picocolors@1.1.1/node_modules/picocolors": {
      "version": "1.1.1",
      "extraneous": true,
      "license": "ISC"
    },
    "node_modules/.pnpm/picomatch@4.0.5/node_modules/picomatch": {
      "version": "4.0.5",
      "extraneous": true,
      "license": "MIT",
      "devDependencies": {
        "eslint": "^8.57.0",
        "fill-range": "^7.0.1",
        "gulp-format-md": "^2.0.0",
        "mocha": "^10.4.0",
        "nyc": "^15.1.0"
      },
      "engines": {
        "node": ">=12"
      },
      "funding": {
        "url": "https://github.com/sponsors/jonschlinkert"
      }
    },
    "node_modules/.pnpm/pinia@2.3.1_typescript@6.0.3_vue@3.5.40_typescript@6.0.3_": {
      "extraneous": true
    },
    "node_modules/.pnpm/postcss@8.5.25": {
      "extraneous": true
    },
    "node_modules/.pnpm/rolldown@1.1.5": {
      "extraneous": true
    },
    "node_modules/.pnpm/source-map-js@1.2.1/node_modules/source-map-js": {
      "version": "1.2.1",
      "extraneous": true,
      "license": "BSD-3-Clause",
      "devDependencies": {
        "clean-publish": "^3.1.0",
        "doctoc": "^0.15.0",
        "webpack": "^1.12.0"
      },
      "engines": {
        "node": ">=0.10.0"
      }
    },
    "node_modules/.pnpm/three-mesh-bvh@0.9.13_three@0.180.0": {
      "extraneous": true
    },
    "node_modules/.pnpm/three-player-controller@0.4.9_@dimforge+rapier3d-compat@0.12.0_three-mesh-bvh@0.9.13_three@0.180.0__three@0.180.0": {
      "extraneous": true
    },
    "node_modules/.pnpm/three@0.180.0/node_modules/three": {
      "version": "0.180.0",
      "extraneous": true,
      "license": "MIT",
      "devDependencies": {
        "@rollup/plugin-node-resolve": "^16.0.0",
        "@rollup/plugin-terser": "^0.4.0",
        "chalk": "^5.2.0",
        "concurrently": "^9.0.0",
        "dpdm": "^3.14.0",
        "eslint": "^8.37.0",
        "eslint-config-mdcs": "^5.0.0",
        "eslint-plugin-compat": "^6.0.0",
        "eslint-plugin-html": "^8.0.0",
        "eslint-plugin-import": "^2.27.5",
        "failonlyreporter": "^1.0.0",
        "jimp": "^1.6.0",
        "jsdoc": "^4.0.4",
        "magic-string": "^0.30.0",
        "pixelmatch": "^7.0.0",
        "puppeteer": "^22.0.0",
        "qunit": "^2.19.4",
        "rollup": "^4.6.0",
        "rollup-plugin-filesize": "^10.0.0",
        "rollup-plugin-visualizer": "^6.0.0",
        "servez": "^2.2.4"
      }
    },
    "node_modules/.pnpm/tinyglobby@0.2.17": {
      "extraneous": true
    },
    "node_modules/.pnpm/typescript@6.0.3": {
      "extraneous": true
    },
    "node_modules/.pnpm/undici-types@7.18.2/node_modules/undici-types": {
      "version": "7.18.2",
      "extraneous": true,
      "license": "MIT"
    },
    "node_modules/.pnpm/vite-plugin-glsl@1.6.1_vite@8.1.5_@types+node@24.13.3_": {
      "extraneous": true
    },
    "node_modules/.pnpm/vite@8.1.5_@types+node@24.13.3": {
      "extraneous": true
    },
    "node_modules/.pnpm/vscode-uri@3.1.0/node_modules/vscode-uri": {
      "version": "3.1.0",
      "extraneous": true,
      "license": "MIT",
      "devDependencies": {
        "@types/mocha": "^10.0.2",
        "@types/node": "20.x",
        "mocha": "^11.1.0",
        "path-browserify": "^1.0.1",
        "rimraf": "^5.0.5",
        "ts-loader": "^9.4.4",
        "typescript": "^5.2.2",
        "webpack": "^5.88.2",
        "webpack-cli": "^5.1.4"
      }
    },
    "node_modules/.pnpm/vue-demi@0.14.10_vue@3.5.40_typescript@6.0.3_": {
      "extraneous": true
    },
    "node_modules/.pnpm/vue-i18n@9.14.5_vue@3.5.40_typescript@6.0.3_": {
      "extraneous": true
    },
    "node_modules/.pnpm/vue-router@4.6.4_vue@3.5.40_typescript@6.0.3_": {
      "extraneous": true
    },
    "node_modules/.pnpm/vue-tsc@3.3.8_typescript@6.0.3": {
      "extraneous": true
    },
    "node_modules/.pnpm/vue@3.5.40_typescript@6.0.3": {
      "extraneous": true
    },
    "node_modules/pnpm": {
      "version": "11.18.0",
      "resolved": "https://registry.npmmirror.com/pnpm/-/pnpm-11.18.0.tgz",
      "integrity": "sha512-M9g8d9qC9J+6g2klxvG4QRgewxMrZwY5vQEvcHX1x89jTF+HAUfBmq50ePrAHfCdiJLogEVIlu3SPumzN1dWPA==",
      "license": "MIT",
      "bin": {
        "pn": "bin/pnpm.mjs",
        "pnpm": "bin/pnpm.mjs",
        "pnpx": "bin/pnpx.mjs",
        "pnx": "bin/pnpx.mjs"
      },
      "engines": {
        "node": ">=22.13"
      },
      "funding": {
        "url": "https://opencollective.com/pnpm"
      }
    }
  }
}
